
Microsoft Visual Studio Solution File, Format Version 12.00
# Visual Studio Version 17
VisualStudioVersion = 17.0.31903.59
MinimumVisualStudioVersion = 10.0.40219.1
Project("{2150E333-8FDC-42A3-9474-1A3956D46DE8}") = "src", "src", "{51B5CFD6-C41E-4EE3-8E7A-E9A8EA4DA6E8}"
EndProject
Project("{FAE04EC0-301F-11D3-BF4B-00C04F79EFBC}") = "day01", "src\day01\day01.csproj", "{0089223F-FFE4-4D88-B58C-8A77ACCA1A00}"
EndProject
Project("{FAE04EC0-301F-11D3-BF4B-00C04F79EFBC}") = "day02", "src\day02\day02.csproj", "{E0ECB033-413C-4DC9-8D26-9E0212A43C4C}"
EndProject
Project("{FAE04EC0-301F-11D3-BF4B-00C04F79EFBC}") = "day03", "src\day03\day03.csproj", "{25E09730-D2BC-4E13-B4BA-B2F3C37D5D17}"
EndProject
Project("{FAE04EC0-301F-11D3-BF4B-00C04F79EFBC}") = "day04", "src\day04\day04.csproj", "{9E9E24C8-D38B-44BC-B6FA-C6F16CBC6A4C}"
EndProject
Project("{FAE04EC0-301F-11D3-BF4B-00C04F79EFBC}") = "day05", "src\day05\day05.csproj", "{E28BA173-B397-4A51-AA48-A34465BF76B7}"
EndProject
Global
	GlobalSection(SolutionConfigurationPlatforms) = preSolution
		Debug|Any CPU = Debug|Any CPU
		Release|Any CPU = Release|Any CPU
	EndGlobalSection
	GlobalSection(SolutionProperties) = preSolution
		HideSolutionNode = FALSE
	EndGlobalSection
	GlobalSection(ProjectConfigurationPlatforms) = postSolution
		{0089223F-FFE4-4D88-B58C-8A77ACCA1A00}.Debug|Any CPU.ActiveCfg = Debug|Any CPU
		{0089223F-FFE4-4D88-B58C-8A77ACCA1A00}.Debug|Any CPU.Build.0 = Debug|Any CPU
		{0089223F-FFE4-4D88-B58C-8A77ACCA1A00}.Release|Any CPU.ActiveCfg = Release|Any CPU
		{0089223F-FFE4-4D88-B58C-8A77ACCA1A00}.Release|Any CPU.Build.0 = Release|Any CPU
		{E0ECB033-413C-4DC9-8D26-9E0212A43C4C}.Debug|Any CPU.ActiveCfg = Debug|Any CPU
		{E0ECB033-413C-4DC9-8D26-9E0212A43C4C}.Debug|Any CPU.Build.0 = Debug|Any CPU
		{E0ECB033-413C-4DC9-8D26-9E0212A43C4C}.Release|Any CPU.ActiveCfg = Release|Any CPU
		{E0ECB033-413C-4DC9-8D26-9E0212A43C4C}.Release|Any CPU.Build.0 = Release|Any CPU
		{25E09730-D2BC-4E13-B4BA-B2F3C37D5D17}.Debug|Any CPU.ActiveCfg = Debug|Any CPU
		{25E09730-D2BC-4E13-B4BA-B2F3C37D5D17}.Debug|Any CPU.Build.0 = Debug|Any CPU
		{25E09730-D2BC-4E13-B4BA-B2F3C37D5D17}.Release|Any CPU.ActiveCfg = Release|Any CPU
		{25E09730-D2BC-4E13-B4BA-B2F3C37D5D17}.Release|Any CPU.Build.0 = Release|Any CPU
		{9E9E24C8-D38B-44BC-B6FA-C6F16CBC6A4C}.Debug|Any CPU.ActiveCfg = Debug|Any CPU
		{9E9E24C8-D38B-44BC-B6FA-C6F16CBC6A4C}.Debug|Any CPU.Build.0 = Debug|Any CPU
		{9E9E24C8-D38B-44BC-B6FA-C6F16CBC6A4C}.Release|Any CPU.ActiveCfg = Release|Any CPU
		{9E9E24C8-D38B-44BC-B6FA-C6F16CBC6A4C}.Release|Any CPU.Build.0 = Release|Any CPU
		{E28BA173-B397-4A51-AA48-A34465BF76B7}.Debug|Any CPU.ActiveCfg = Debug|Any CPU
		{E28BA173-B397-4A51-AA48-A34465BF76B7}.Debug|Any CPU.Build.0 = Debug|Any CPU
		{E28BA173-B397-4A51-AA48-A34465BF76B7}.Release|Any CPU.ActiveCfg = Release|Any CPU
		{E28BA173-B397-4A51-AA48-A34465BF76B7}.Release|Any CPU.Build.0 = Release|Any CPU
	EndGlobalSection
	GlobalSection(NestedProjects) = preSolution
		{0089223F-FFE4-4D88-B58C-8A77ACCA1A00} = {51B5CFD6-C41E-4EE3-8E7A-E9A8EA4DA6E8}
		{E0ECB033-413C-4DC9-8D26-9E0212A43C4C} = {51B5CFD6-C41E-4EE3-8E7A-E9A8EA4DA6E8}
		{25E09730-D2BC-4E13-B4BA-B2F3C37D5D17} = {51B5CFD6-C41E-4EE3-8E7A-E9A8EA4DA6E8}
		{9E9E24C8-D38B-44BC-B6FA-C6F16CBC6A4C} = {51B5CFD6-C41E-4EE3-8E7A-E9A8EA4DA6E8}
		{E28BA173-B397-4A51-AA48-A34465BF76B7} = {51B5CFD6-C41E-4EE3-8E7A-E9A8EA4DA6E8}
	EndGlobalSection
EndGlobal
